
Microsoft Visual Studio Solution File, Format Version 12.00
# Visual Studio Version 17
VisualStudioVersion = 17.1.32328.378
MinimumVisualStudioVersion = 10.0.40219.1
Project("{FAE04EC0-301F-11D3-BF4B-00C04F79EFBC}") = "PacketRecording", "PacketRecording\PacketRecording.csproj", "{1BDD0897-4EC6-4042-93DA-9A66FD1E8960}"
EndProject
Project("{FAE04EC0-301F-11D3-BF4B-00C04F79EFBC}") = "PacketReplaying", "PacketReplaying\PacketReplaying.csproj", "{E068F114-63AB-41D6-9A3B-F87E98F76FE1}"
EndProject
Project("{FAE04EC0-301F-11D3-BF4B-00C04F79EFBC}") = "PacketRecording.UnitTests", "PacketRecording.UnitTests\PacketRecording.UnitTests.csproj", "{BAEDB69C-59A7-488A-AC07-E29CE115EF4C}"
EndProject
Project("{FAE04EC0-301F-11D3-BF4B-00C04F79EFBC}") = "F1Packets", "F1Packets\F1Packets.csproj", "{CCF45D53-73FC-462C-BCF8-8FB4B68E2A03}"
EndProject
Project("{FAE04EC0-301F-11D3-BF4B-00C04F79EFBC}") = "F1Packets.UnitTests", "F1Packets.UnitTests\F1Packets.UnitTests.csproj", "{B570AEF7-BE88-480A-8811-36A827FAA710}"
EndProject
Project("{FAE04EC0-301F-11D3-BF4B-00C04F79EFBC}") = "F1.Common", "F1.Common\F1.Common.csproj", "{4DE00B2F-0F94-43DE-A11E-D1D0F8D1813D}"
EndProject
Project("{FAE04EC0-301F-11D3-BF4B-00C04F79EFBC}") = "OvertakeTest", "OvertakeTest\OvertakeTest.csproj", "{78681B18-136B-4AA6-B1A9-A9422C9A7D50}"
EndProject
Project("{FAE04EC0-301F-11D3-BF4B-00C04F79EFBC}") = "DbSchemaBootstrap", "DbSchemaBootstrap\DbSchemaBootstrap.csproj", "{815C2D18-F34A-4272-920F-6D603438890C}"
EndProject
Project("{FAE04EC0-301F-11D3-BF4B-00C04F79EFBC}") = "PacketDumpImporter", "PacketDumpImporter\PacketDumpImporter.csproj", "{E211A6B7-825E-4FE8-AD0C-307ED13930EE}"
EndProject
Project("{FAE04EC0-301F-11D3-BF4B-00C04F79EFBC}") = "F1GameDataHub.Web", "F1GameDataHub.Web\F1GameDataHub.Web.csproj", "{A57A97A2-A0C1-4792-B821-B7E68F150562}"
EndProject
Global
	GlobalSection(SolutionConfigurationPlatforms) = preSolution
		Debug|Any CPU = Debug|Any CPU
		Debug|x64 = Debug|x64
		Debug|x86 = Debug|x86
		Release|Any CPU = Release|Any CPU
		Release|x64 = Release|x64
		Release|x86 = Release|x86
	EndGlobalSection
	GlobalSection(ProjectConfigurationPlatforms) = postSolution
		{1BDD0897-4EC6-4042-93DA-9A66FD1E8960}.Debug|Any CPU.ActiveCfg = Debug|Any CPU
		{1BDD0897-4EC6-4042-93DA-9A66FD1E8960}.Debug|Any CPU.Build.0 = Debug|Any CPU
		{1BDD0897-4EC6-4042-93DA-9A66FD1E8960}.Debug|x64.ActiveCfg = Debug|Any CPU
		{1BDD0897-4EC6-4042-93DA-9A66FD1E8960}.Debug|x64.Build.0 = Debug|Any CPU
		{1BDD0897-4EC6-4042-93DA-9A66FD1E8960}.Debug|x86.ActiveCfg = Debug|Any CPU
		{1BDD0897-4EC6-4042-93DA-9A66FD1E8960}.Debug|x86.Build.0 = Debug|Any CPU
		{1BDD0897-4EC6-4042-93DA-9A66FD1E8960}.Release|Any CPU.ActiveCfg = Release|Any CPU
		{1BDD0897-4EC6-4042-93DA-9A66FD1E8960}.Release|Any CPU.Build.0 = Release|Any CPU
		{1BDD0897-4EC6-4042-93DA-9A66FD1E8960}.Release|x64.ActiveCfg = Release|Any CPU
		{1BDD0897-4EC6-4042-93DA-9A66FD1E8960}.Release|x64.Build.0 = Release|Any CPU
		{1BDD0897-4EC6-4042-93DA-9A66FD1E8960}.Release|x86.ActiveCfg = Release|Any CPU
		{1BDD0897-4EC6-4042-93DA-9A66FD1E8960}.Release|x86.Build.0 = Release|Any CPU
		{E068F114-63AB-41D6-9A3B-F87E98F76FE1}.Debug|Any CPU.ActiveCfg = Debug|Any CPU
		{E068F114-63AB-41D6-9A3B-F87E98F76FE1}.Debug|Any CPU.Build.0 = Debug|Any CPU
		{E068F114-63AB-41D6-9A3B-F87E98F76FE1}.Debug|x64.ActiveCfg = Debug|Any CPU
		{E068F114-63AB-41D6-9A3B-F87E98F76FE1}.Debug|x64.Build.0 = Debug|Any CPU
		{E068F114-63AB-41D6-9A3B-F87E98F76FE1}.Debug|x86.ActiveCfg = Debug|Any CPU
		{E068F114-63AB-41D6-9A3B-F87E98F76FE1}.Debug|x86.Build.0 = Debug|Any CPU
		{E068F114-63AB-41D6-9A3B-F87E98F76FE1}.Release|Any CPU.ActiveCfg = Release|Any CPU
		{E068F114-63AB-41D6-9A3B-F87E98F76FE1}.Release|Any CPU.Build.0 = Release|Any CPU
		{E068F114-63AB-41D6-9A3B-F87E98F76FE1}.Release|x64.ActiveCfg = Release|Any CPU
		{E068F114-63AB-41D6-9A3B-F87E98F76FE1}.Release|x64.Build.0 = Release|Any CPU
		{E068F114-63AB-41D6-9A3B-F87E98F76FE1}.Release|x86.ActiveCfg = Release|Any CPU
		{E068F114-63AB-41D6-9A3B-F87E98F76FE1}.Release|x86.Build.0 = Release|Any CPU
		{BAEDB69C-59A7-488A-AC07-E29CE115EF4C}.Debug|Any CPU.ActiveCfg = Debug|Any CPU
		{BAEDB69C-59A7-488A-AC07-E29CE115EF4C}.Debug|Any CPU.Build.0 = Debug|Any CPU
		{BAEDB69C-59A7-488A-AC07-E29CE115EF4C}.Debug|x64.ActiveCfg = Debug|Any CPU
		{BAEDB69C-59A7-488A-AC07-E29CE115EF4C}.Debug|x64.Build.0 = Debug|Any CPU
		{BAEDB69C-59A7-488A-AC07-E29CE115EF4C}.Debug|x86.ActiveCfg = Debug|Any CPU
		{BAEDB69C-59A7-488A-AC07-E29CE115EF4C}.Debug|x86.Build.0 = Debug|Any CPU
		{BAEDB69C-59A7-488A-AC07-E29CE115EF4C}.Release|Any CPU.ActiveCfg = Release|Any CPU
		{BAEDB69C-59A7-488A-AC07-E29CE115EF4C}.Release|Any CPU.Build.0 = Release|Any CPU
		{BAEDB69C-59A7-488A-AC07-E29CE115EF4C}.Release|x64.ActiveCfg = Release|Any CPU
		{BAEDB69C-59A7-488A-AC07-E29CE115EF4C}.Release|x64.Build.0 = Release|Any CPU
		{BAEDB69C-59A7-488A-AC07-E29CE115EF4C}.Release|x86.ActiveCfg = Release|Any CPU
		{BAEDB69C-59A7-488A-AC07-E29CE115EF4C}.Release|x86.Build.0 = Release|Any CPU
		{CCF45D53-73FC-462C-BCF8-8FB4B68E2A03}.Debug|Any CPU.ActiveCfg = Debug|Any CPU
		{CCF45D53-73FC-462C-BCF8-8FB4B68E2A03}.Debug|Any CPU.Build.0 = Debug|Any CPU
		{CCF45D53-73FC-462C-BCF8-8FB4B68E2A03}.Debug|x64.ActiveCfg = Debug|Any CPU
		{CCF45D53-73FC-462C-BCF8-8FB4B68E2A03}.Debug|x64.Build.0 = Debug|Any CPU
		{CCF45D53-73FC-462C-BCF8-8FB4B68E2A03}.Debug|x86.ActiveCfg = Debug|Any CPU
		{CCF45D53-73FC-462C-BCF8-8FB4B68E2A03}.Debug|x86.Build.0 = Debug|Any CPU
		{CCF45D53-73FC-462C-BCF8-8FB4B68E2A03}.Release|Any CPU.ActiveCfg = Release|Any CPU
		{CCF45D53-73FC-462C-BCF8-8FB4B68E2A03}.Release|Any CPU.Build.0 = Release|Any CPU
		{CCF45D53-73FC-462C-BCF8-8FB4B68E2A03}.Release|x64.ActiveCfg = Release|Any CPU
		{CCF45D53-73FC-462C-BCF8-8FB4B68E2A03}.Release|x64.Build.0 = Release|Any CPU
		{CCF45D53-73FC-462C-BCF8-8FB4B68E2A03}.Release|x86.ActiveCfg = Release|Any CPU
		{CCF45D53-73FC-462C-BCF8-8FB4B68E2A03}.Release|x86.Build.0 = Release|Any CPU
		{B570AEF7-BE88-480A-8811-36A827FAA710}.Debug|Any CPU.ActiveCfg = Debug|Any CPU
		{B570AEF7-BE88-480A-8811-36A827FAA710}.Debug|Any CPU.Build.0 = Debug|Any CPU
		{B570AEF7-BE88-480A-8811-36A827FAA710}.Debug|x64.ActiveCfg = Debug|Any CPU
		{B570AEF7-BE88-480A-8811-36A827FAA710}.Debug|x64.Build.0 = Debug|Any CPU
		{B570AEF7-BE88-480A-8811-36A827FAA710}.Debug|x86.ActiveCfg = Debug|Any CPU
		{B570AEF7-BE88-480A-8811-36A827FAA710}.Debug|x86.Build.0 = Debug|Any CPU
		{B570AEF7-BE88-480A-8811-36A827FAA710}.Release|Any CPU.ActiveCfg = Release|Any CPU
		{B570AEF7-BE88-480A-8811-36A827FAA710}.Release|Any CPU.Build.0 = Release|Any CPU
		{B570AEF7-BE88-480A-8811-36A827FAA710}.Release|x64.ActiveCfg = Release|Any CPU
		{B570AEF7-BE88-480A-8811-36A827FAA710}.Release|x64.Build.0 = Release|Any CPU
		{B570AEF7-BE88-480A-8811-36A827FAA710}.Release|x86.ActiveCfg = Release|Any CPU
		{B570AEF7-BE88-480A-8811-36A827FAA710}.Release|x86.Build.0 = Release|Any CPU
		{4DE00B2F-0F94-43DE-A11E-D1D0F8D1813D}.Debug|Any CPU.ActiveCfg = Debug|Any CPU
		{4DE00B2F-0F94-43DE-A11E-D1D0F8D1813D}.Debug|Any CPU.Build.0 = Debug|Any CPU
		{4DE00B2F-0F94-43DE-A11E-D1D0F8D1813D}.Debug|x64.ActiveCfg = Debug|Any CPU
		{4DE00B2F-0F94-43DE-A11E-D1D0F8D1813D}.Debug|x64.Build.0 = Debug|Any CPU
		{4DE00B2F-0F94-43DE-A11E-D1D0F8D1813D}.Debug|x86.ActiveCfg = Debug|Any CPU
		{4DE00B2F-0F94-43DE-A11E-D1D0F8D1813D}.Debug|x86.Build.0 = Debug|Any CPU
		{4DE00B2F-0F94-43DE-A11E-D1D0F8D1813D}.Release|Any CPU.ActiveCfg = Release|Any CPU
		{4DE00B2F-0F94-43DE-A11E-D1D0F8D1813D}.Release|Any CPU.Build.0 = Release|Any CPU
		{4DE00B2F-0F94-43DE-A11E-D1D0F8D1813D}.Release|x64.ActiveCfg = Release|Any CPU
		{4DE00B2F-0F94-43DE-A11E-D1D0F8D1813D}.Release|x64.Build.0 = Release|Any CPU
		{4DE00B2F-0F94-43DE-A11E-D1D0F8D1813D}.Release|x86.ActiveCfg = Release|Any CPU
		{4DE00B2F-0F94-43DE-A11E-D1D0F8D1813D}.Release|x86.Build.0 = Release|Any CPU
		{78681B18-136B-4AA6-B1A9-A9422C9A7D50}.Debug|Any CPU.ActiveCfg = Debug|Any CPU
		{78681B18-136B-4AA6-B1A9-A9422C9A7D50}.Debug|Any CPU.Build.0 = Debug|Any CPU
		{78681B18-136B-4AA6-B1A9-A9422C9A7D50}.Debug|x64.ActiveCfg = Debug|Any CPU
		{78681B18-136B-4AA6-B1A9-A9422C9A7D50}.Debug|x64.Build.0 = Debug|Any CPU
		{78681B18-136B-4AA6-B1A9-A9422C9A7D50}.Debug|x86.ActiveCfg = Debug|Any CPU
		{78681B18-136B-4AA6-B1A9-A9422C9A7D50}.Debug|x86.Build.0 = Debug|Any CPU
		{78681B18-136B-4AA6-B1A9-A9422C9A7D50}.Release|Any CPU.ActiveCfg = Release|Any CPU
		{78681B18-136B-4AA6-B1A9-A9422C9A7D50}.Release|Any CPU.Build.0 = Release|Any CPU
		{78681B18-136B-4AA6-B1A9-A9422C9A7D50}.Release|x64.ActiveCfg = Release|Any CPU
		{78681B18-136B-4AA6-B1A9-A9422C9A7D50}.Release|x64.Build.0 = Release|Any CPU
		{78681B18-136B-4AA6-B1A9-A9422C9A7D50}.Release|x86.ActiveCfg = Release|Any CPU
		{78681B18-136B-4AA6-B1A9-A9422C9A7D50}.Release|x86.Build.0 = Release|Any CPU
		{815C2D18-F34A-4272-920F-6D603438890C}.Debug|Any CPU.ActiveCfg = Debug|Any CPU
		{815C2D18-F34A-4272-920F-6D603438890C}.Debug|Any CPU.Build.0 = Debug|Any CPU
		{815C2D18-F34A-4272-920F-6D603438890C}.Debug|x64.ActiveCfg = Debug|Any CPU
		{815C2D18-F34A-4272-920F-6D603438890C}.Debug|x64.Build.0 = Debug|Any CPU
		{815C2D18-F34A-4272-920F-6D603438890C}.Debug|x86.ActiveCfg = Debug|Any CPU
		{815C2D18-F34A-4272-920F-6D603438890C}.Debug|x86.Build.0 = Debug|Any CPU
		{815C2D18-F34A-4272-920F-6D603438890C}.Release|Any CPU.ActiveCfg = Release|Any CPU
		{815C2D18-F34A-4272-920F-6D603438890C}.Release|Any CPU.Build.0 = Release|Any CPU
		{815C2D18-F34A-4272-920F-6D603438890C}.Release|x64.ActiveCfg = Release|Any CPU
		{815C2D18-F34A-4272-920F-6D603438890C}.Release|x64.Build.0 = Release|Any CPU
		{815C2D18-F34A-4272-920F-6D603438890C}.Release|x86.ActiveCfg = Release|Any CPU
		{815C2D18-F34A-4272-920F-6D603438890C}.Release|x86.Build.0 = Release|Any CPU
		{E211A6B7-825E-4FE8-AD0C-307ED13930EE}.Debug|Any CPU.ActiveCfg = Debug|Any CPU
		{E211A6B7-825E-4FE8-AD0C-307ED13930EE}.Debug|Any CPU.Build.0 = Debug|Any CPU
		{E211A6B7-825E-4FE8-AD0C-307ED13930EE}.Debug|x64.ActiveCfg = Debug|Any CPU
		{E211A6B7-825E-4FE8-AD0C-307ED13930EE}.Debug|x64.Build.0 = Debug|Any CPU
		{E211A6B7-825E-4FE8-AD0C-307ED13930EE}.Debug|x86.ActiveCfg = Debug|Any CPU
		{E211A6B7-825E-4FE8-AD0C-307ED13930EE}.Debug|x86.Build.0 = Debug|Any CPU
		{E211A6B7-825E-4FE8-AD0C-307ED13930EE}.Release|Any CPU.ActiveCfg = Release|Any CPU
		{E211A6B7-825E-4FE8-AD0C-307ED13930EE}.Release|Any CPU.Build.0 = Release|Any CPU
		{E211A6B7-825E-4FE8-AD0C-307ED13930EE}.Release|x64.ActiveCfg = Release|Any CPU
		{E211A6B7-825E-4FE8-AD0C-307ED13930EE}.Release|x64.Build.0 = Release|Any CPU
		{E211A6B7-825E-4FE8-AD0C-307ED13930EE}.Release|x86.ActiveCfg = Release|Any CPU
		{E211A6B7-825E-4FE8-AD0C-307ED13930EE}.Release|x86.Build.0 = Release|Any CPU
		{A57A97A2-A0C1-4792-B821-B7E68F150562}.Debug|Any CPU.ActiveCfg = Debug|Any CPU
		{A57A97A2-A0C1-4792-B821-B7E68F150562}.Debug|Any CPU.Build.0 = Debug|Any CPU
		{A57A97A2-A0C1-4792-B821-B7E68F150562}.Debug|x64.ActiveCfg = Debug|Any CPU
		{A57A97A2-A0C1-4792-B821-B7E68F150562}.Debug|x64.Build.0 = Debug|Any CPU
		{A57A97A2-A0C1-4792-B821-B7E68F150562}.Debug|x86.ActiveCfg = Debug|Any CPU
		{A57A97A2-A0C1-4792-B821-B7E68F150562}.Debug|x86.Build.0 = Debug|Any CPU
		{A57A97A2-A0C1-4792-B821-B7E68F150562}.Release|Any CPU.ActiveCfg = Release|Any CPU
		{A57A97A2-A0C1-4792-B821-B7E68F150562}.Release|Any CPU.Build.0 = Release|Any CPU
		{A57A97A2-A0C1-4792-B821-B7E68F150562}.Release|x64.ActiveCfg = Release|Any CPU
		{A57A97A2-A0C1-4792-B821-B7E68F150562}.Release|x64.Build.0 = Release|Any CPU
		{A57A97A2-A0C1-4792-B821-B7E68F150562}.Release|x86.ActiveCfg = Release|Any CPU
		{A57A97A2-A0C1-4792-B821-B7E68F150562}.Release|x86.Build.0 = Release|Any CPU
	EndGlobalSection
	GlobalSection(SolutionProperties) = preSolution
		HideSolutionNode = FALSE
	EndGlobalSection
	GlobalSection(ExtensibilityGlobals) = postSolution
		SolutionGuid = {478F003F-5B38-4D1D-872C-EC3FEB852D7A}
	EndGlobalSection
EndGlobal
