
Microsoft Visual Studio Solution File, Format Version 12.00
# Visual Studio Version 17
VisualStudioVersion = 17.1.32328.378
MinimumVisualStudioVersion = 10.0.40219.1
Project("{FAE04EC0-301F-11D3-BF4B-00C04F79EFBC}") = "PacketRecording", "PacketRecording\PacketRecording.csproj", "{1BDD0897-4EC6-4042-93DA-9A66FD1E8960}"
EndProject
Project("{FAE04EC0-301F-11D3-BF4B-00C04F79EFBC}") = "PacketReplaying", "PacketReplaying\PacketReplaying.csproj", "{E068F114-63AB-41D6-9A3B-F87E98F76FE1}"
EndProject
Project("{FAE04EC0-301F-11D3-BF4B-00C04F79EFBC}") = "PacketRecording.UnitTests", "PacketRecording.UnitTests\PacketRecording.UnitTests.csproj", "{BAEDB69C-59A7-488A-AC07-E29CE115EF4C}"
EndProject
Project("{FAE04EC0-301F-11D3-BF4B-00C04F79EFBC}") = "F1Packets", "F1Packets\F1Packets.csproj", "{CCF45D53-73FC-462C-BCF8-8FB4B68E2A03}"
EndProject
Project("{FAE04EC0-301F-11D3-BF4B-00C04F79EFBC}") = "F1Packets.UnitTests", "F1Packets.UnitTests\F1Packets.UnitTests.csproj", "{B570AEF7-BE88-480A-8811-36A827FAA710}"
EndProject
Project("{FAE04EC0-301F-11D3-BF4B-00C04F79EFBC}") = "F1.Common", "F1.Common\F1.Common.csproj", "{4DE00B2F-0F94-43DE-A11E-D1D0F8D1813D}"
EndProject
Project("{FAE04EC0-301F-11D3-BF4B-00C04F79EFBC}") = "ExportSessionApp", "ExportSessionApp\ExportSessionApp.csproj", "{372EA074-F189-4EDF-9AB6-B3253A9F4981}"
EndProject
Global
	GlobalSection(SolutionConfigurationPlatforms) = preSolution
		Debug|Any CPU = Debug|Any CPU
		Release|Any CPU = Release|Any CPU
	EndGlobalSection
	GlobalSection(ProjectConfigurationPlatforms) = postSolution
		{1BDD0897-4EC6-4042-93DA-9A66FD1E8960}.Debug|Any CPU.ActiveCfg = Debug|Any CPU
		{1BDD0897-4EC6-4042-93DA-9A66FD1E8960}.Debug|Any CPU.Build.0 = Debug|Any CPU
		{1BDD0897-4EC6-4042-93DA-9A66FD1E8960}.Release|Any CPU.ActiveCfg = Release|Any CPU
		{1BDD0897-4EC6-4042-93DA-9A66FD1E8960}.Release|Any CPU.Build.0 = Release|Any CPU
		{E068F114-63AB-41D6-9A3B-F87E98F76FE1}.Debug|Any CPU.ActiveCfg = Debug|Any CPU
		{E068F114-63AB-41D6-9A3B-F87E98F76FE1}.Debug|Any CPU.Build.0 = Debug|Any CPU
		{E068F114-63AB-41D6-9A3B-F87E98F76FE1}.Release|Any CPU.ActiveCfg = Release|Any CPU
		{E068F114-63AB-41D6-9A3B-F87E98F76FE1}.Release|Any CPU.Build.0 = Release|Any CPU
		{BAEDB69C-59A7-488A-AC07-E29CE115EF4C}.Debug|Any CPU.ActiveCfg = Debug|Any CPU
		{BAEDB69C-59A7-488A-AC07-E29CE115EF4C}.Debug|Any CPU.Build.0 = Debug|Any CPU
		{BAEDB69C-59A7-488A-AC07-E29CE115EF4C}.Release|Any CPU.ActiveCfg = Release|Any CPU
		{BAEDB69C-59A7-488A-AC07-E29CE115EF4C}.Release|Any CPU.Build.0 = Release|Any CPU
		{CCF45D53-73FC-462C-BCF8-8FB4B68E2A03}.Debug|Any CPU.ActiveCfg = Debug|Any CPU
		{CCF45D53-73FC-462C-BCF8-8FB4B68E2A03}.Debug|Any CPU.Build.0 = Debug|Any CPU
		{CCF45D53-73FC-462C-BCF8-8FB4B68E2A03}.Release|Any CPU.ActiveCfg = Release|Any CPU
		{CCF45D53-73FC-462C-BCF8-8FB4B68E2A03}.Release|Any CPU.Build.0 = Release|Any CPU
		{B570AEF7-BE88-480A-8811-36A827FAA710}.Debug|Any CPU.ActiveCfg = Debug|Any CPU
		{B570AEF7-BE88-480A-8811-36A827FAA710}.Debug|Any CPU.Build.0 = Debug|Any CPU
		{B570AEF7-BE88-480A-8811-36A827FAA710}.Release|Any CPU.ActiveCfg = Release|Any CPU
		{B570AEF7-BE88-480A-8811-36A827FAA710}.Release|Any CPU.Build.0 = Release|Any CPU
		{4DE00B2F-0F94-43DE-A11E-D1D0F8D1813D}.Debug|Any CPU.ActiveCfg = Debug|Any CPU
		{4DE00B2F-0F94-43DE-A11E-D1D0F8D1813D}.Debug|Any CPU.Build.0 = Debug|Any CPU
		{4DE00B2F-0F94-43DE-A11E-D1D0F8D1813D}.Release|Any CPU.ActiveCfg = Release|Any CPU
		{4DE00B2F-0F94-43DE-A11E-D1D0F8D1813D}.Release|Any CPU.Build.0 = Release|Any CPU
		{372EA074-F189-4EDF-9AB6-B3253A9F4981}.Debug|Any CPU.ActiveCfg = Debug|Any CPU
		{372EA074-F189-4EDF-9AB6-B3253A9F4981}.Debug|Any CPU.Build.0 = Debug|Any CPU
		{372EA074-F189-4EDF-9AB6-B3253A9F4981}.Release|Any CPU.ActiveCfg = Release|Any CPU
		{372EA074-F189-4EDF-9AB6-B3253A9F4981}.Release|Any CPU.Build.0 = Release|Any CPU
	EndGlobalSection
	GlobalSection(SolutionProperties) = preSolution
		HideSolutionNode = FALSE
	EndGlobalSection
	GlobalSection(ExtensibilityGlobals) = postSolution
		SolutionGuid = {478F003F-5B38-4D1D-872C-EC3FEB852D7A}
	EndGlobalSection
EndGlobal
